// !$*UTF8*$!
{
	archiveVersion = 1;
	classes = {
	};
	objectVersion = 56;
	objects = {

/* Begin PBXBuildFile section */
		C13BE719294F237E0020DEFA /* ChatViewModel.swift in Sources */ = {isa = PBXBuildFile; fileRef = C13BE718294F237E0020DEFA /* ChatViewModel.swift */; };
		C13BE71B294F283A0020DEFA /* ConversationsViewModel.swift in Sources */ = {isa = PBXBuildFile; fileRef = C13BE71A294F283A0020DEFA /* ConversationsViewModel.swift */; };
		C13BE721294F35FB0020DEFA /* MainTabView.swift in Sources */ = {isa = PBXBuildFile; fileRef = C13BE720294F35FB0020DEFA /* MainTabView.swift */; };
		C191B5A929479BB60093415B /* UserProfileView.swift in Sources */ = {isa = PBXBuildFile; fileRef = C191B5A829479BB60093415B /* UserProfileView.swift */; };
		C191B5AB29479C100093415B /* ProfileHeaderView.swift in Sources */ = {isa = PBXBuildFile; fileRef = C191B5AA29479C100093415B /* ProfileHeaderView.swift */; };
		C191B5AD29479C180093415B /* ProfileActionButtonView.swift in Sources */ = {isa = PBXBuildFile; fileRef = C191B5AC29479C180093415B /* ProfileActionButtonView.swift */; };
		C191B5AF29479C220093415B /* FilterButtonView.swift in Sources */ = {isa = PBXBuildFile; fileRef = C191B5AE29479C220093415B /* FilterButtonView.swift */; };
		C191B5B22947A2B20093415B /* NewTweetView.swift in Sources */ = {isa = PBXBuildFile; fileRef = C191B5B12947A2B20093415B /* NewTweetView.swift */; };
		C191B5B62947A7E80093415B /* TextArea.swift in Sources */ = {isa = PBXBuildFile; fileRef = C191B5B52947A7E80093415B /* TextArea.swift */; };
		C191B5B92947F92C0093415B /* LoginView.swift in Sources */ = {isa = PBXBuildFile; fileRef = C191B5B82947F92C0093415B /* LoginView.swift */; };
		C191B5BB2947F9340093415B /* RegistrationView.swift in Sources */ = {isa = PBXBuildFile; fileRef = C191B5BA2947F9340093415B /* RegistrationView.swift */; };
		C191B5BD2947FA3A0093415B /* CustomTextField.swift in Sources */ = {isa = PBXBuildFile; fileRef = C191B5BC2947FA3A0093415B /* CustomTextField.swift */; };
		C191B5BF2947FC380093415B /* CustomSecureField.swift in Sources */ = {isa = PBXBuildFile; fileRef = C191B5BE2947FC380093415B /* CustomSecureField.swift */; };
		C191B5C12948055F0093415B /* ImagePicker.swift in Sources */ = {isa = PBXBuildFile; fileRef = C191B5C02948055F0093415B /* ImagePicker.swift */; };
		C191B5C329482CD50093415B /* GoogleService-Info.plist in Resources */ = {isa = PBXBuildFile; fileRef = C191B5C229482CD50093415B /* GoogleService-Info.plist */; };
		C191B5C629482D8E0093415B /* FirebaseAuth in Frameworks */ = {isa = PBXBuildFile; productRef = C191B5C529482D8E0093415B /* FirebaseAuth */; };
		C191B5C829482D8E0093415B /* FirebaseFirestore in Frameworks */ = {isa = PBXBuildFile; productRef = C191B5C729482D8E0093415B /* FirebaseFirestore */; };
		C191B5CA29482D8E0093415B /* FirebaseStorage in Frameworks */ = {isa = PBXBuildFile; productRef = C191B5C929482D8E0093415B /* FirebaseStorage */; };
		C191B5CC29482F870093415B /* AuthViewModel.swift in Sources */ = {isa = PBXBuildFile; fileRef = C191B5CB29482F870093415B /* AuthViewModel.swift */; };
		C191B5CE29490C2A0093415B /* User.swift in Sources */ = {isa = PBXBuildFile; fileRef = C191B5CD29490C2A0093415B /* User.swift */; };
		C191B5D129491C4C0093415B /* Kingfisher in Frameworks */ = {isa = PBXBuildFile; productRef = C191B5D029491C4C0093415B /* Kingfisher */; };
		C191B5D329491CAD0093415B /* SearchViewModel.swift in Sources */ = {isa = PBXBuildFile; fileRef = C191B5D229491CAD0093415B /* SearchViewModel.swift */; };
		C191B5D529491CF60093415B /* Constants.swift in Sources */ = {isa = PBXBuildFile; fileRef = C191B5D429491CF60093415B /* Constants.swift */; };
		C191B5D7294932E60093415B /* ProfileViewModel.swift in Sources */ = {isa = PBXBuildFile; fileRef = C191B5D6294932E60093415B /* ProfileViewModel.swift */; };
		C191B5D9294ABD780093415B /* UploadTweetViewModel.swift in Sources */ = {isa = PBXBuildFile; fileRef = C191B5D8294ABD780093415B /* UploadTweetViewModel.swift */; };
		C191B5DB294AC37C0093415B /* FeedViewModel.swift in Sources */ = {isa = PBXBuildFile; fileRef = C191B5DA294AC37C0093415B /* FeedViewModel.swift */; };
		C191B5DD294AC3980093415B /* Tweet.swift in Sources */ = {isa = PBXBuildFile; fileRef = C191B5DC294AC3980093415B /* Tweet.swift */; };
		C191B5DF294AC6280093415B /* TweetDetailView.swift in Sources */ = {isa = PBXBuildFile; fileRef = C191B5DE294AC6280093415B /* TweetDetailView.swift */; };
		C191B5E1294AC7E10093415B /* TweetActionsView.swift in Sources */ = {isa = PBXBuildFile; fileRef = C191B5E0294AC7E10093415B /* TweetActionsView.swift */; };
		C191B5E3294AC8F60093415B /* TweetActionViewModel.swift in Sources */ = {isa = PBXBuildFile; fileRef = C191B5E2294AC8F60093415B /* TweetActionViewModel.swift */; };
		C191B5E5294AF1D90093415B /* LazyView.swift in Sources */ = {isa = PBXBuildFile; fileRef = C191B5E4294AF1D90093415B /* LazyView.swift */; };
		C1D3696429417E4C0021CB8B /* TwitterCloneSwiftUIApp.swift in Sources */ = {isa = PBXBuildFile; fileRef = C1D3696329417E4C0021CB8B /* TwitterCloneSwiftUIApp.swift */; };
		C1D3696629417E4C0021CB8B /* ContentView.swift in Sources */ = {isa = PBXBuildFile; fileRef = C1D3696529417E4C0021CB8B /* ContentView.swift */; };
		C1D3696829417E4E0021CB8B /* Assets.xcassets in Resources */ = {isa = PBXBuildFile; fileRef = C1D3696729417E4E0021CB8B /* Assets.xcassets */; };
		C1D3696B29417E4E0021CB8B /* Preview Assets.xcassets in Resources */ = {isa = PBXBuildFile; fileRef = C1D3696A29417E4E0021CB8B /* Preview Assets.xcassets */; };
		C1D36975294186750021CB8B /* FeedView.swift in Sources */ = {isa = PBXBuildFile; fileRef = C1D36974294186750021CB8B /* FeedView.swift */; };
		C1D36977294188850021CB8B /* TweetCell.swift in Sources */ = {isa = PBXBuildFile; fileRef = C1D36976294188850021CB8B /* TweetCell.swift */; };
		C1D3697929418C350021CB8B /* SearchView.swift in Sources */ = {isa = PBXBuildFile; fileRef = C1D3697829418C350021CB8B /* SearchView.swift */; };
		C1D3697B29418C7F0021CB8B /* SearchBar.swift in Sources */ = {isa = PBXBuildFile; fileRef = C1D3697A29418C7F0021CB8B /* SearchBar.swift */; };
		C1D3697D29418DFD0021CB8B /* UserCell.swift in Sources */ = {isa = PBXBuildFile; fileRef = C1D3697C29418DFD0021CB8B /* UserCell.swift */; };
		C1D369802941904A0021CB8B /* ConversationsView.swift in Sources */ = {isa = PBXBuildFile; fileRef = C1D3697F2941904A0021CB8B /* ConversationsView.swift */; };
		C1D36982294190520021CB8B /* ConversationCell.swift in Sources */ = {isa = PBXBuildFile; fileRef = C1D36981294190520021CB8B /* ConversationCell.swift */; };
		C1D369842941939C0021CB8B /* MessageInputView.swift in Sources */ = {isa = PBXBuildFile; fileRef = C1D369832941939C0021CB8B /* MessageInputView.swift */; };
		C1D36986294193E20021CB8B /* ChatView.swift in Sources */ = {isa = PBXBuildFile; fileRef = C1D36985294193E20021CB8B /* ChatView.swift */; };
		C1D36988294195320021CB8B /* ChatBubble.swift in Sources */ = {isa = PBXBuildFile; fileRef = C1D36987294195320021CB8B /* ChatBubble.swift */; };
		C1D3698A294196A40021CB8B /* Message.swift in Sources */ = {isa = PBXBuildFile; fileRef = C1D36989294196A40021CB8B /* Message.swift */; };
		C1D3698C294198BD0021CB8B /* MessageView.swift in Sources */ = {isa = PBXBuildFile; fileRef = C1D3698B294198BD0021CB8B /* MessageView.swift */; };
		C1D3698E294199330021CB8B /* NewMessageView.swift in Sources */ = {isa = PBXBuildFile; fileRef = C1D3698D294199330021CB8B /* NewMessageView.swift */; };
/* End PBXBuildFile section */

/* Begin PBXFileReference section */
		C13BE718294F237E0020DEFA /* ChatViewModel.swift */ = {isa = PBXFileReference; lastKnownFileType = sourcecode.swift; path = ChatViewModel.swift; sourceTree = "<group>"; };
		C13BE71A294F283A0020DEFA /* ConversationsViewModel.swift */ = {isa = PBXFileReference; lastKnownFileType = sourcecode.swift; path = ConversationsViewModel.swift; sourceTree = "<group>"; };
		C13BE720294F35FB0020DEFA /* MainTabView.swift */ = {isa = PBXFileReference; lastKnownFileType = sourcecode.swift; path = MainTabView.swift; sourceTree = "<group>"; };
		C191B5A829479BB60093415B /* UserProfileView.swift */ = {isa = PBXFileReference; lastKnownFileType = sourcecode.swift; path = UserProfileView.swift; sourceTree = "<group>"; };
		C191B5AA29479C100093415B /* ProfileHeaderView.swift */ = {isa = PBXFileReference; lastKnownFileType = sourcecode.swift; path = ProfileHeaderView.swift; sourceTree = "<group>"; };
		C191B5AC29479C180093415B /* ProfileActionButtonView.swift */ = {isa = PBXFileReference; lastKnownFileType = sourcecode.swift; path = ProfileActionButtonView.swift; sourceTree = "<group>"; };
		C191B5AE29479C220093415B /* FilterButtonView.swift */ = {isa = PBXFileReference; lastKnownFileType = sourcecode.swift; path = FilterButtonView.swift; sourceTree = "<group>"; };
		C191B5B12947A2B20093415B /* NewTweetView.swift */ = {isa = PBXFileReference; lastKnownFileType = sourcecode.swift; path = NewTweetView.swift; sourceTree = "<group>"; };
		C191B5B52947A7E80093415B /* TextArea.swift */ = {isa = PBXFileReference; lastKnownFileType = sourcecode.swift; path = TextArea.swift; sourceTree = "<group>"; };
		C191B5B82947F92C0093415B /* LoginView.swift */ = {isa = PBXFileReference; lastKnownFileType = sourcecode.swift; path = LoginView.swift; sourceTree = "<group>"; };
		C191B5BA2947F9340093415B /* RegistrationView.swift */ = {isa = PBXFileReference; lastKnownFileType = sourcecode.swift; path = RegistrationView.swift; sourceTree = "<group>"; };
		C191B5BC2947FA3A0093415B /* CustomTextField.swift */ = {isa = PBXFileReference; lastKnownFileType = sourcecode.swift; path = CustomTextField.swift; sourceTree = "<group>"; };
		C191B5BE2947FC380093415B /* CustomSecureField.swift */ = {isa = PBXFileReference; lastKnownFileType = sourcecode.swift; path = CustomSecureField.swift; sourceTree = "<group>"; };
		C191B5C02948055F0093415B /* ImagePicker.swift */ = {isa = PBXFileReference; lastKnownFileType = sourcecode.swift; path = ImagePicker.swift; sourceTree = "<group>"; };
		C191B5C229482CD50093415B /* GoogleService-Info.plist */ = {isa = PBXFileReference; fileEncoding = 4; lastKnownFileType = text.plist.xml; name = "GoogleService-Info.plist"; path = "../../../../../../../Downloads/GoogleService-Info.plist"; sourceTree = "<group>"; };
		C191B5CB29482F870093415B /* AuthViewModel.swift */ = {isa = PBXFileReference; lastKnownFileType = sourcecode.swift; path = AuthViewModel.swift; sourceTree = "<group>"; };
		C191B5CD29490C2A0093415B /* User.swift */ = {isa = PBXFileReference; lastKnownFileType = sourcecode.swift; path = User.swift; sourceTree = "<group>"; };
		C191B5D229491CAD0093415B /* SearchViewModel.swift */ = {isa = PBXFileReference; lastKnownFileType = sourcecode.swift; path = SearchViewModel.swift; sourceTree = "<group>"; };
		C191B5D429491CF60093415B /* Constants.swift */ = {isa = PBXFileReference; lastKnownFileType = sourcecode.swift; path = Constants.swift; sourceTree = "<group>"; };
		C191B5D6294932E60093415B /* ProfileViewModel.swift */ = {isa = PBXFileReference; lastKnownFileType = sourcecode.swift; path = ProfileViewModel.swift; sourceTree = "<group>"; };
		C191B5D8294ABD780093415B /* UploadTweetViewModel.swift */ = {isa = PBXFileReference; lastKnownFileType = sourcecode.swift; path = UploadTweetViewModel.swift; sourceTree = "<group>"; };
		C191B5DA294AC37C0093415B /* FeedViewModel.swift */ = {isa = PBXFileReference; lastKnownFileType = sourcecode.swift; path = FeedViewModel.swift; sourceTree = "<group>"; };
		C191B5DC294AC3980093415B /* Tweet.swift */ = {isa = PBXFileReference; lastKnownFileType = sourcecode.swift; path = Tweet.swift; sourceTree = "<group>"; };
		C191B5DE294AC6280093415B /* TweetDetailView.swift */ = {isa = PBXFileReference; lastKnownFileType = sourcecode.swift; path = TweetDetailView.swift; sourceTree = "<group>"; };
		C191B5E0294AC7E10093415B /* TweetActionsView.swift */ = {isa = PBXFileReference; lastKnownFileType = sourcecode.swift; path = TweetActionsView.swift; sourceTree = "<group>"; };
		C191B5E2294AC8F60093415B /* TweetActionViewModel.swift */ = {isa = PBXFileReference; lastKnownFileType = sourcecode.swift; path = TweetActionViewModel.swift; sourceTree = "<group>"; };
		C191B5E4294AF1D90093415B /* LazyView.swift */ = {isa = PBXFileReference; lastKnownFileType = sourcecode.swift; path = LazyView.swift; sourceTree = "<group>"; };
		C1D3696029417E4C0021CB8B /* TwitterCloneSwiftUI.app */ = {isa = PBXFileReference; explicitFileType = wrapper.application; includeInIndex = 0; path = TwitterCloneSwiftUI.app; sourceTree = BUILT_PRODUCTS_DIR; };
		C1D3696329417E4C0021CB8B /* TwitterCloneSwiftUIApp.swift */ = {isa = PBXFileReference; lastKnownFileType = sourcecode.swift; path = TwitterCloneSwiftUIApp.swift; sourceTree = "<group>"; };
		C1D3696529417E4C0021CB8B /* ContentView.swift */ = {isa = PBXFileReference; lastKnownFileType = sourcecode.swift; path = ContentView.swift; sourceTree = "<group>"; };
		C1D3696729417E4E0021CB8B /* Assets.xcassets */ = {isa = PBXFileReference; lastKnownFileType = folder.assetcatalog; path = Assets.xcassets; sourceTree = "<group>"; };
		C1D3696A29417E4E0021CB8B /* Preview Assets.xcassets */ = {isa = PBXFileReference; lastKnownFileType = folder.assetcatalog; path = "Preview Assets.xcassets"; sourceTree = "<group>"; };
		C1D36974294186750021CB8B /* FeedView.swift */ = {isa = PBXFileReference; lastKnownFileType = sourcecode.swift; path = FeedView.swift; sourceTree = "<group>"; };
		C1D36976294188850021CB8B /* TweetCell.swift */ = {isa = PBXFileReference; lastKnownFileType = sourcecode.swift; path = TweetCell.swift; sourceTree = "<group>"; };
		C1D3697829418C350021CB8B /* SearchView.swift */ = {isa = PBXFileReference; lastKnownFileType = sourcecode.swift; path = SearchView.swift; sourceTree = "<group>"; };
		C1D3697A29418C7F0021CB8B /* SearchBar.swift */ = {isa = PBXFileReference; lastKnownFileType = sourcecode.swift; path = SearchBar.swift; sourceTree = "<group>"; };
		C1D3697C29418DFD0021CB8B /* UserCell.swift */ = {isa = PBXFileReference; lastKnownFileType = sourcecode.swift; path = UserCell.swift; sourceTree = "<group>"; };
		C1D3697F2941904A0021CB8B /* ConversationsView.swift */ = {isa = PBXFileReference; lastKnownFileType = sourcecode.swift; path = ConversationsView.swift; sourceTree = "<group>"; };
		C1D36981294190520021CB8B /* ConversationCell.swift */ = {isa = PBXFileReference; lastKnownFileType = sourcecode.swift; path = ConversationCell.swift; sourceTree = "<group>"; };
		C1D369832941939C0021CB8B /* MessageInputView.swift */ = {isa = PBXFileReference; lastKnownFileType = sourcecode.swift; path = MessageInputView.swift; sourceTree = "<group>"; };
		C1D36985294193E20021CB8B /* ChatView.swift */ = {isa = PBXFileReference; lastKnownFileType = sourcecode.swift; path = ChatView.swift; sourceTree = "<group>"; };
		C1D36987294195320021CB8B /* ChatBubble.swift */ = {isa = PBXFileReference; lastKnownFileType = sourcecode.swift; path = ChatBubble.swift; sourceTree = "<group>"; };
		C1D36989294196A40021CB8B /* Message.swift */ = {isa = PBXFileReference; lastKnownFileType = sourcecode.swift; path = Message.swift; sourceTree = "<group>"; };
		C1D3698B294198BD0021CB8B /* MessageView.swift */ = {isa = PBXFileReference; lastKnownFileType = sourcecode.swift; path = MessageView.swift; sourceTree = "<group>"; };
		C1D3698D294199330021CB8B /* NewMessageView.swift */ = {isa = PBXFileReference; lastKnownFileType = sourcecode.swift; path = NewMessageView.swift; sourceTree = "<group>"; };
/* End PBXFileReference section */

/* Begin PBXFrameworksBuildPhase section */
		C1D3695D29417E4C0021CB8B /* Frameworks */ = {
			isa = PBXFrameworksBuildPhase;
			buildActionMask = 2147483647;
			files = (
				C191B5D129491C4C0093415B /* Kingfisher in Frameworks */,
				C191B5C629482D8E0093415B /* FirebaseAuth in Frameworks */,
				C191B5C829482D8E0093415B /* FirebaseFirestore in Frameworks */,
				C191B5CA29482D8E0093415B /* FirebaseStorage in Frameworks */,
			);
			runOnlyForDeploymentPostprocessing = 0;
		};
/* End PBXFrameworksBuildPhase section */

/* Begin PBXGroup section */
		C13BE71C294F35930020DEFA /* Main */ = {
			isa = PBXGroup;
			children = (
				C1D3696529417E4C0021CB8B /* ContentView.swift */,
				C13BE720294F35FB0020DEFA /* MainTabView.swift */,
			);
			path = Main;
			sourceTree = "<group>";
		};
		C13BE71D294F35A60020DEFA /* Feed */ = {
			isa = PBXGroup;
			children = (
				C1D36974294186750021CB8B /* FeedView.swift */,
			);
			path = Feed;
			sourceTree = "<group>";
		};
		C13BE71E294F35B20020DEFA /* Search */ = {
			isa = PBXGroup;
			children = (
				C1D3697A29418C7F0021CB8B /* SearchBar.swift */,
				C1D3697829418C350021CB8B /* SearchView.swift */,
			);
			path = Search;
			sourceTree = "<group>";
		};
		C191B5A729479BAD0093415B /* Profile */ = {
			isa = PBXGroup;
			children = (
				C191B5A829479BB60093415B /* UserProfileView.swift */,
				C191B5AA29479C100093415B /* ProfileHeaderView.swift */,
				C191B5AC29479C180093415B /* ProfileActionButtonView.swift */,
				C1D3697C29418DFD0021CB8B /* UserCell.swift */,
				C191B5AE29479C220093415B /* FilterButtonView.swift */,
			);
			path = Profile;
			sourceTree = "<group>";
		};
		C191B5B02947A2A80093415B /* Tweets */ = {
			isa = PBXGroup;
			children = (
				C1D36976294188850021CB8B /* TweetCell.swift */,
				C191B5B12947A2B20093415B /* NewTweetView.swift */,
				C191B5DE294AC6280093415B /* TweetDetailView.swift */,
				C191B5E0294AC7E10093415B /* TweetActionsView.swift */,
			);
			path = Tweets;
			sourceTree = "<group>";
		};
		C191B5B32947A7DA0093415B /* Utils */ = {
			isa = PBXGroup;
			children = (
				C191B5B42947A7DE0093415B /* Views */,
				C191B5D429491CF60093415B /* Constants.swift */,
			);
			path = Utils;
			sourceTree = "<group>";
		};
		C191B5B42947A7DE0093415B /* Views */ = {
			isa = PBXGroup;
			children = (
				C191B5B52947A7E80093415B /* TextArea.swift */,
				C191B5BC2947FA3A0093415B /* CustomTextField.swift */,
				C191B5BE2947FC380093415B /* CustomSecureField.swift */,
				C191B5C02948055F0093415B /* ImagePicker.swift */,
				C191B5E4294AF1D90093415B /* LazyView.swift */,
			);
			path = Views;
			sourceTree = "<group>";
		};
		C191B5B72947F9110093415B /* Authentication */ = {
			isa = PBXGroup;
			children = (
				C191B5B82947F92C0093415B /* LoginView.swift */,
				C191B5BA2947F9340093415B /* RegistrationView.swift */,
			);
			path = Authentication;
			sourceTree = "<group>";
		};
		C1D3695729417E4C0021CB8B = {
			isa = PBXGroup;
			children = (
				C1D3696229417E4C0021CB8B /* TwitterCloneSwiftUI */,
				C1D3696129417E4C0021CB8B /* Products */,
			);
			sourceTree = "<group>";
		};
		C1D3696129417E4C0021CB8B /* Products */ = {
			isa = PBXGroup;
			children = (
				C1D3696029417E4C0021CB8B /* TwitterCloneSwiftUI.app */,
			);
			name = Products;
			sourceTree = "<group>";
		};
		C1D3696229417E4C0021CB8B /* TwitterCloneSwiftUI */ = {
			isa = PBXGroup;
			children = (
				C191B5B32947A7DA0093415B /* Utils */,
				C1D36973294186580021CB8B /* View */,
				C1D36972294186420021CB8B /* ViewModel */,
				C1D369712941863D0021CB8B /* Model */,
				C1D3696329417E4C0021CB8B /* TwitterCloneSwiftUIApp.swift */,
				C191B5C229482CD50093415B /* GoogleService-Info.plist */,
				C1D3696729417E4E0021CB8B /* Assets.xcassets */,
				C1D3696929417E4E0021CB8B /* Preview Content */,
			);
			path = TwitterCloneSwiftUI;
			sourceTree = "<group>";
		};
		C1D3696929417E4E0021CB8B /* Preview Content */ = {
			isa = PBXGroup;
			children = (
				C1D3696A29417E4E0021CB8B /* Preview Assets.xcassets */,
			);
			path = "Preview Content";
			sourceTree = "<group>";
		};
		C1D369712941863D0021CB8B /* Model */ = {
			isa = PBXGroup;
			children = (
				C1D36989294196A40021CB8B /* Message.swift */,
				C191B5CD29490C2A0093415B /* User.swift */,
				C191B5DC294AC3980093415B /* Tweet.swift */,
			);
			path = Model;
			sourceTree = "<group>";
		};
		C1D36972294186420021CB8B /* ViewModel */ = {
			isa = PBXGroup;
			children = (
				C191B5CB29482F870093415B /* AuthViewModel.swift */,
				C191B5D229491CAD0093415B /* SearchViewModel.swift */,
				C191B5D6294932E60093415B /* ProfileViewModel.swift */,
				C191B5D8294ABD780093415B /* UploadTweetViewModel.swift */,
				C191B5DA294AC37C0093415B /* FeedViewModel.swift */,
				C191B5E2294AC8F60093415B /* TweetActionViewModel.swift */,
				C13BE718294F237E0020DEFA /* ChatViewModel.swift */,
				C13BE71A294F283A0020DEFA /* ConversationsViewModel.swift */,
			);
			path = ViewModel;
			sourceTree = "<group>";
		};
		C1D36973294186580021CB8B /* View */ = {
			isa = PBXGroup;
			children = (
				C13BE71E294F35B20020DEFA /* Search */,
				C13BE71D294F35A60020DEFA /* Feed */,
				C13BE71C294F35930020DEFA /* Main */,
				C191B5B72947F9110093415B /* Authentication */,
				C191B5B02947A2A80093415B /* Tweets */,
				C191B5A729479BAD0093415B /* Profile */,
				C1D3697E2941903C0021CB8B /* Messages */,
			);
			path = View;
			sourceTree = "<group>";
		};
		C1D3697E2941903C0021CB8B /* Messages */ = {
			isa = PBXGroup;
			children = (
				C1D3697F2941904A0021CB8B /* ConversationsView.swift */,
				C1D36981294190520021CB8B /* ConversationCell.swift */,
				C1D369832941939C0021CB8B /* MessageInputView.swift */,
				C1D36985294193E20021CB8B /* ChatView.swift */,
				C1D36987294195320021CB8B /* ChatBubble.swift */,
				C1D3698B294198BD0021CB8B /* MessageView.swift */,
				C1D3698D294199330021CB8B /* NewMessageView.swift */,
			);
			path = Messages;
			sourceTree = "<group>";
		};
/* End PBXGroup section */

/* Begin PBXNativeTarget section */
		C1D3695F29417E4C0021CB8B /* TwitterCloneSwiftUI */ = {
			isa = PBXNativeTarget;
			buildConfigurationList = C1D3696E29417E4E0021CB8B /* Build configuration list for PBXNativeTarget "TwitterCloneSwiftUI" */;
			buildPhases = (
				C1D3695C29417E4C0021CB8B /* Sources */,
				C1D3695D29417E4C0021CB8B /* Frameworks */,
				C1D3695E29417E4C0021CB8B /* Resources */,
			);
			buildRules = (
			);
			dependencies = (
			);
			name = TwitterCloneSwiftUI;
			packageProductDependencies = (
				C191B5C529482D8E0093415B /* FirebaseAuth */,
				C191B5C729482D8E0093415B /* FirebaseFirestore */,
				C191B5C929482D8E0093415B /* FirebaseStorage */,
				C191B5D029491C4C0093415B /* Kingfisher */,
			);
			productName = TwitterCloneSwiftUI;
			productReference = C1D3696029417E4C0021CB8B /* TwitterCloneSwiftUI.app */;
			productType = "com.apple.product-type.application";
		};
/* End PBXNativeTarget section */

/* Begin PBXProject section */
		C1D3695829417E4C0021CB8B /* Project object */ = {
			isa = PBXProject;
			attributes = {
				BuildIndependentTargetsInParallel = 1;
				LastSwiftUpdateCheck = 1410;
				LastUpgradeCheck = 1410;
				TargetAttributes = {
					C1D3695F29417E4C0021CB8B = {
						CreatedOnToolsVersion = 14.1;
					};
				};
			};
			buildConfigurationList = C1D3695B29417E4C0021CB8B /* Build configuration list for PBXProject "TwitterCloneSwiftUI" */;
			compatibilityVersion = "Xcode 14.0";
			developmentRegion = en;
			hasScannedForEncodings = 0;
			knownRegions = (
				en,
				Base,
			);
			mainGroup = C1D3695729417E4C0021CB8B;
			packageReferences = (
				C191B5C429482D8E0093415B /* XCRemoteSwiftPackageReference "firebase-ios-sdk" */,
				C191B5CF29491C4C0093415B /* XCRemoteSwiftPackageReference "Kingfisher" */,
			);
			productRefGroup = C1D3696129417E4C0021CB8B /* Products */;
			projectDirPath = "";
			projectRoot = "";
			targets = (
				C1D3695F29417E4C0021CB8B /* TwitterCloneSwiftUI */,
			);
		};
/* End PBXProject section */

/* Begin PBXResourcesBuildPhase section */
		C1D3695E29417E4C0021CB8B /* Resources */ = {
			isa = PBXResourcesBuildPhase;
			buildActionMask = 2147483647;
			files = (
				C1D3696B29417E4E0021CB8B /* Preview Assets.xcassets in Resources */,
				C1D3696829417E4E0021CB8B /* Assets.xcassets in Resources */,
				C191B5C329482CD50093415B /* GoogleService-Info.plist in Resources */,
			);
			runOnlyForDeploymentPostprocessing = 0;
		};
/* End PBXResourcesBuildPhase section */

/* Begin PBXSourcesBuildPhase section */
		C1D3695C29417E4C0021CB8B /* Sources */ = {
			isa = PBXSourcesBuildPhase;
			buildActionMask = 2147483647;
			files = (
				C191B5E5294AF1D90093415B /* LazyView.swift in Sources */,
				C13BE71B294F283A0020DEFA /* ConversationsViewModel.swift in Sources */,
				C1D3697929418C350021CB8B /* SearchView.swift in Sources */,
				C191B5B62947A7E80093415B /* TextArea.swift in Sources */,
				C191B5BB2947F9340093415B /* RegistrationView.swift in Sources */,
				C1D369842941939C0021CB8B /* MessageInputView.swift in Sources */,
				C1D3696629417E4C0021CB8B /* ContentView.swift in Sources */,
				C191B5DD294AC3980093415B /* Tweet.swift in Sources */,
				C191B5DB294AC37C0093415B /* FeedViewModel.swift in Sources */,
				C191B5D529491CF60093415B /* Constants.swift in Sources */,
				C1D36975294186750021CB8B /* FeedView.swift in Sources */,
				C191B5AB29479C100093415B /* ProfileHeaderView.swift in Sources */,
				C191B5E1294AC7E10093415B /* TweetActionsView.swift in Sources */,
				C1D36986294193E20021CB8B /* ChatView.swift in Sources */,
				C13BE719294F237E0020DEFA /* ChatViewModel.swift in Sources */,
				C1D369802941904A0021CB8B /* ConversationsView.swift in Sources */,
				C13BE721294F35FB0020DEFA /* MainTabView.swift in Sources */,
				C191B5B92947F92C0093415B /* LoginView.swift in Sources */,
				C191B5B22947A2B20093415B /* NewTweetView.swift in Sources */,
				C191B5D7294932E60093415B /* ProfileViewModel.swift in Sources */,
				C191B5AF29479C220093415B /* FilterButtonView.swift in Sources */,
				C1D3696429417E4C0021CB8B /* TwitterCloneSwiftUIApp.swift in Sources */,
				C191B5D9294ABD780093415B /* UploadTweetViewModel.swift in Sources */,
				C191B5C12948055F0093415B /* ImagePicker.swift in Sources */,
				C1D36988294195320021CB8B /* ChatBubble.swift in Sources */,
				C191B5E3294AC8F60093415B /* TweetActionViewModel.swift in Sources */,
				C1D36977294188850021CB8B /* TweetCell.swift in Sources */,
				C1D3698E294199330021CB8B /* NewMessageView.swift in Sources */,
				C191B5DF294AC6280093415B /* TweetDetailView.swift in Sources */,
				C191B5CC29482F870093415B /* AuthViewModel.swift in Sources */,
				C191B5D329491CAD0093415B /* SearchViewModel.swift in Sources */,
				C1D3698A294196A40021CB8B /* Message.swift in Sources */,
				C191B5A929479BB60093415B /* UserProfileView.swift in Sources */,
				C191B5CE29490C2A0093415B /* User.swift in Sources */,
				C1D3697B29418C7F0021CB8B /* SearchBar.swift in Sources */,
				C191B5AD29479C180093415B /* ProfileActionButtonView.swift in Sources */,
				C191B5BD2947FA3A0093415B /* CustomTextField.swift in Sources */,
				C1D3697D29418DFD0021CB8B /* UserCell.swift in Sources */,
				C191B5BF2947FC380093415B /* CustomSecureField.swift in Sources */,
				C1D3698C294198BD0021CB8B /* MessageView.swift in Sources */,
				C1D36982294190520021CB8B /* ConversationCell.swift in Sources */,
			);
			runOnlyForDeploymentPostprocessing = 0;
		};
/* End PBXSourcesBuildPhase section */

/* Begin XCBuildConfiguration section */
		C1D3696C29417E4E0021CB8B /* Debug */ = {
			isa = XCBuildConfiguration;
			buildSettings = {
				ALWAYS_SEARCH_USER_PATHS = NO;
				CLANG_ANALYZER_NONNULL = YES;
				CLANG_ANALYZER_NUMBER_OBJECT_CONVERSION = YES_AGGRESSIVE;
				CLANG_CXX_LANGUAGE_STANDARD = "gnu++20";
				CLANG_ENABLE_MODULES = YES;
				CLANG_ENABLE_OBJC_ARC = YES;
				CLANG_ENABLE_OBJC_WEAK = YES;
				CLANG_WARN_BLOCK_CAPTURE_AUTORELEASING = YES;
				CLANG_WARN_BOOL_CONVERSION = YES;
				CLANG_WARN_COMMA = YES;
				CLANG_WARN_CONSTANT_CONVERSION = YES;
				CLANG_WARN_DEPRECATED_OBJC_IMPLEMENTATIONS = YES;
				CLANG_WARN_DIRECT_OBJC_ISA_USAGE = YES_ERROR;
				CLANG_WARN_DOCUMENTATION_COMMENTS = YES;
				CLANG_WARN_EMPTY_BODY = YES;
				CLANG_WARN_ENUM_CONVERSION = YES;
				CLANG_WARN_INFINITE_RECURSION = YES;
				CLANG_WARN_INT_CONVERSION = YES;
				CLANG_WARN_NON_LITERAL_NULL_CONVERSION = YES;
				CLANG_WARN_OBJC_IMPLICIT_RETAIN_SELF = YES;
				CLANG_WARN_OBJC_LITERAL_CONVERSION = YES;
				CLANG_WARN_OBJC_ROOT_CLASS = YES_ERROR;
				CLANG_WARN_QUOTED_INCLUDE_IN_FRAMEWORK_HEADER = YES;
				CLANG_WARN_RANGE_LOOP_ANALYSIS = YES;
				CLANG_WARN_STRICT_PROTOTYPES = YES;
				CLANG_WARN_SUSPICIOUS_MOVE = YES;
				CLANG_WARN_UNGUARDED_AVAILABILITY = YES_AGGRESSIVE;
				CLANG_WARN_UNREACHABLE_CODE = YES;
				CLANG_WARN__DUPLICATE_METHOD_MATCH = YES;
				COPY_PHASE_STRIP = NO;
				DEBUG_INFORMATION_FORMAT = dwarf;
				ENABLE_STRICT_OBJC_MSGSEND = YES;
				ENABLE_TESTABILITY = YES;
				GCC_C_LANGUAGE_STANDARD = gnu11;
				GCC_DYNAMIC_NO_PIC = NO;
				GCC_NO_COMMON_BLOCKS = YES;
				GCC_OPTIMIZATION_LEVEL = 0;
				GCC_PREPROCESSOR_DEFINITIONS = (
					"DEBUG=1",
					"$(inherited)",
				);
				GCC_WARN_64_TO_32_BIT_CONVERSION = YES;
				GCC_WARN_ABOUT_RETURN_TYPE = YES_ERROR;
				GCC_WARN_UNDECLARED_SELECTOR = YES;
				GCC_WARN_UNINITIALIZED_AUTOS = YES_AGGRESSIVE;
				GCC_WARN_UNUSED_FUNCTION = YES;
				GCC_WARN_UNUSED_VARIABLE = YES;
				IPHONEOS_DEPLOYMENT_TARGET = 16.1;
				MTL_ENABLE_DEBUG_INFO = INCLUDE_SOURCE;
				MTL_FAST_MATH = YES;
				ONLY_ACTIVE_ARCH = YES;
				SDKROOT = iphoneos;
				SWIFT_ACTIVE_COMPILATION_CONDITIONS = DEBUG;
				SWIFT_OPTIMIZATION_LEVEL = "-Onone";
			};
			name = Debug;
		};
		C1D3696D29417E4E0021CB8B /* Release */ = {
			isa = XCBuildConfiguration;
			buildSettings = {
				ALWAYS_SEARCH_USER_PATHS = NO;
				CLANG_ANALYZER_NONNULL = YES;
				CLANG_ANALYZER_NUMBER_OBJECT_CONVERSION = YES_AGGRESSIVE;
				CLANG_CXX_LANGUAGE_STANDARD = "gnu++20";
				CLANG_ENABLE_MODULES = YES;
				CLANG_ENABLE_OBJC_ARC = YES;
				CLANG_ENABLE_OBJC_WEAK = YES;
				CLANG_WARN_BLOCK_CAPTURE_AUTORELEASING = YES;
				CLANG_WARN_BOOL_CONVERSION = YES;
				CLANG_WARN_COMMA = YES;
				CLANG_WARN_CONSTANT_CONVERSION = YES;
				CLANG_WARN_DEPRECATED_OBJC_IMPLEMENTATIONS = YES;
				CLANG_WARN_DIRECT_OBJC_ISA_USAGE = YES_ERROR;
				CLANG_WARN_DOCUMENTATION_COMMENTS = YES;
				CLANG_WARN_EMPTY_BODY = YES;
				CLANG_WARN_ENUM_CONVERSION = YES;
				CLANG_WARN_INFINITE_RECURSION = YES;
				CLANG_WARN_INT_CONVERSION = YES;
				CLANG_WARN_NON_LITERAL_NULL_CONVERSION = YES;
				CLANG_WARN_OBJC_IMPLICIT_RETAIN_SELF = YES;
				CLANG_WARN_OBJC_LITERAL_CONVERSION = YES;
				CLANG_WARN_OBJC_ROOT_CLASS = YES_ERROR;
				CLANG_WARN_QUOTED_INCLUDE_IN_FRAMEWORK_HEADER = YES;
				CLANG_WARN_RANGE_LOOP_ANALYSIS = YES;
				CLANG_WARN_STRICT_PROTOTYPES = YES;
				CLANG_WARN_SUSPICIOUS_MOVE = YES;
				CLANG_WARN_UNGUARDED_AVAILABILITY = YES_AGGRESSIVE;
				CLANG_WARN_UNREACHABLE_CODE = YES;
				CLANG_WARN__DUPLICATE_METHOD_MATCH = YES;
				COPY_PHASE_STRIP = NO;
				DEBUG_INFORMATION_FORMAT = "dwarf-with-dsym";
				ENABLE_NS_ASSERTIONS = NO;
				ENABLE_STRICT_OBJC_MSGSEND = YES;
				GCC_C_LANGUAGE_STANDARD = gnu11;
				GCC_NO_COMMON_BLOCKS = YES;
				GCC_WARN_64_TO_32_BIT_CONVERSION = YES;
				GCC_WARN_ABOUT_RETURN_TYPE = YES_ERROR;
				GCC_WARN_UNDECLARED_SELECTOR = YES;
				GCC_WARN_UNINITIALIZED_AUTOS = YES_AGGRESSIVE;
				GCC_WARN_UNUSED_FUNCTION = YES;
				GCC_WARN_UNUSED_VARIABLE = YES;
				IPHONEOS_DEPLOYMENT_TARGET = 16.1;
				MTL_ENABLE_DEBUG_INFO = NO;
				MTL_FAST_MATH = YES;
				SDKROOT = iphoneos;
				SWIFT_COMPILATION_MODE = wholemodule;
				SWIFT_OPTIMIZATION_LEVEL = "-O";
				VALIDATE_PRODUCT = YES;
			};
			name = Release;
		};
		C1D3696F29417E4E0021CB8B /* Debug */ = {
			isa = XCBuildConfiguration;
			buildSettings = {
				ASSETCATALOG_COMPILER_APPICON_NAME = AppIcon;
				ASSETCATALOG_COMPILER_GLOBAL_ACCENT_COLOR_NAME = AccentColor;
				CODE_SIGN_STYLE = Automatic;
				CURRENT_PROJECT_VERSION = 1;
				DEVELOPMENT_ASSET_PATHS = "\"TwitterCloneSwiftUI/Preview Content\"";
				DEVELOPMENT_TEAM = QQ6QSKRB6L;
				ENABLE_PREVIEWS = YES;
				GENERATE_INFOPLIST_FILE = YES;
				INFOPLIST_KEY_UIApplicationSceneManifest_Generation = YES;
				INFOPLIST_KEY_UIApplicationSupportsIndirectInputEvents = YES;
				INFOPLIST_KEY_UILaunchScreen_Generation = YES;
				INFOPLIST_KEY_UISupportedInterfaceOrientations_iPad = "UIInterfaceOrientationPortrait UIInterfaceOrientationPortraitUpsideDown UIInterfaceOrientationLandscapeLeft UIInterfaceOrientationLandscapeRight";
				INFOPLIST_KEY_UISupportedInterfaceOrientations_iPhone = "UIInterfaceOrientationPortrait UIInterfaceOrientationLandscapeLeft UIInterfaceOrientationLandscapeRight";
				LD_RUNPATH_SEARCH_PATHS = (
					"$(inherited)",
					"@executable_path/Frameworks",
				);
				MARKETING_VERSION = 1.0;
				PRODUCT_BUNDLE_IDENTIFIER = com.hugosilvag6.TwitterCloneSwiftUI;
				PRODUCT_NAME = "$(TARGET_NAME)";
				SWIFT_EMIT_LOC_STRINGS = YES;
				SWIFT_VERSION = 5.0;
				TARGETED_DEVICE_FAMILY = "1,2";
			};
			name = Debug;
		};
		C1D3697029417E4E0021CB8B /* Release */ = {
			isa = XCBuildConfiguration;
			buildSettings = {
				ASSETCATALOG_COMPILER_APPICON_NAME = AppIcon;
				ASSETCATALOG_COMPILER_GLOBAL_ACCENT_COLOR_NAME = AccentColor;
				CODE_SIGN_STYLE = Automatic;
				CURRENT_PROJECT_VERSION = 1;
				DEVELOPMENT_ASSET_PATHS = "\"TwitterCloneSwiftUI/Preview Content\"";
				DEVELOPMENT_TEAM = QQ6QSKRB6L;
				ENABLE_PREVIEWS = YES;
				GENERATE_INFOPLIST_FILE = YES;
				INFOPLIST_KEY_UIApplicationSceneManifest_Generation = YES;
				INFOPLIST_KEY_UIApplicationSupportsIndirectInputEvents = YES;
				INFOPLIST_KEY_UILaunchScreen_Generation = YES;
				INFOPLIST_KEY_UISupportedInterfaceOrientations_iPad = "UIInterfaceOrientationPortrait UIInterfaceOrientationPortraitUpsideDown UIInterfaceOrientationLandscapeLeft UIInterfaceOrientationLandscapeRight";
				INFOPLIST_KEY_UISupportedInterfaceOrientations_iPhone = "UIInterfaceOrientationPortrait UIInterfaceOrientationLandscapeLeft UIInterfaceOrientationLandscapeRight";
				LD_RUNPATH_SEARCH_PATHS = (
					"$(inherited)",
					"@executable_path/Frameworks",
				);
				MARKETING_VERSION = 1.0;
				PRODUCT_BUNDLE_IDENTIFIER = com.hugosilvag6.TwitterCloneSwiftUI;
				PRODUCT_NAME = "$(TARGET_NAME)";
				SWIFT_EMIT_LOC_STRINGS = YES;
				SWIFT_VERSION = 5.0;
				TARGETED_DEVICE_FAMILY = "1,2";
			};
			name = Release;
		};
/* End XCBuildConfiguration section */

/* Begin XCConfigurationList section */
		C1D3695B29417E4C0021CB8B /* Build configuration list for PBXProject "TwitterCloneSwiftUI" */ = {
			isa = XCConfigurationList;
			buildConfigurations = (
				C1D3696C29417E4E0021CB8B /* Debug */,
				C1D3696D29417E4E0021CB8B /* Release */,
			);
			defaultConfigurationIsVisible = 0;
			defaultConfigurationName = Release;
		};
		C1D3696E29417E4E0021CB8B /* Build configuration list for PBXNativeTarget "TwitterCloneSwiftUI" */ = {
			isa = XCConfigurationList;
			buildConfigurations = (
				C1D3696F29417E4E0021CB8B /* Debug */,
				C1D3697029417E4E0021CB8B /* Release */,
			);
			defaultConfigurationIsVisible = 0;
			defaultConfigurationName = Release;
		};
/* End XCConfigurationList section */

/* Begin XCRemoteSwiftPackageReference section */
		C191B5C429482D8E0093415B /* XCRemoteSwiftPackageReference "firebase-ios-sdk" */ = {
			isa = XCRemoteSwiftPackageReference;
			repositoryURL = "https://github.com/firebase/firebase-ios-sdk";
			requirement = {
				kind = upToNextMajorVersion;
				minimumVersion = 9.0.0;
			};
		};
		C191B5CF29491C4C0093415B /* XCRemoteSwiftPackageReference "Kingfisher" */ = {
			isa = XCRemoteSwiftPackageReference;
			repositoryURL = "https://github.com/onevcat/Kingfisher.git";
			requirement = {
				kind = upToNextMajorVersion;
				minimumVersion = 7.0.0;
			};
		};
/* End XCRemoteSwiftPackageReference section */

/* Begin XCSwiftPackageProductDependency section */
		C191B5C529482D8E0093415B /* FirebaseAuth */ = {
			isa = XCSwiftPackageProductDependency;
			package = C191B5C429482D8E0093415B /* XCRemoteSwiftPackageReference "firebase-ios-sdk" */;
			productName = FirebaseAuth;
		};
		C191B5C729482D8E0093415B /* FirebaseFirestore */ = {
			isa = XCSwiftPackageProductDependency;
			package = C191B5C429482D8E0093415B /* XCRemoteSwiftPackageReference "firebase-ios-sdk" */;
			productName = FirebaseFirestore;
		};
		C191B5C929482D8E0093415B /* FirebaseStorage */ = {
			isa = XCSwiftPackageProductDependency;
			package = C191B5C429482D8E0093415B /* XCRemoteSwiftPackageReference "firebase-ios-sdk" */;
			productName = FirebaseStorage;
		};
		C191B5D029491C4C0093415B /* Kingfisher */ = {
			isa = XCSwiftPackageProductDependency;
			package = C191B5CF29491C4C0093415B /* XCRemoteSwiftPackageReference "Kingfisher" */;
			productName = Kingfisher;
		};
/* End XCSwiftPackageProductDependency section */
	};
	rootObject = C1D3695829417E4C0021CB8B /* Project object */;
}
